{
  "name": "uske",
  "version": "1.0.0",
  "lockfileVersion": 3,
  "requires": true,
  "packages": {
    "": {
      "name": "uske",
      "version": "1.0.0",
      "license": "ISC",
      "devDependencies": {
        "surdesrails": "github:trivoallan/surdesrails#releaser-pleaser--branches--main"
      }
    },
    "node_modules/surdesrails": {
      "version": "0.3.0",
      "resolved": "git+ssh://git@github.com/trivoallan/surdesrails.git#c9d8701605f7f91e24ab36a523584f19f6692833",
      "dev": true,
      "bin": {
        "surdesrails-schemas": "bin/surdesrails-schemas.mjs"
      },
      "engines": {
        "node": ">=20.0"
      }
    }
  }
}
